<?xml version="1.0" encoding="utf-8"?>
<Project ToolsVersion="4.0" xmlns="http://schemas.microsoft.com/developer/msbuild/2003">
  <ItemGroup>
    <Filter Include="Исходные файлы">
      <UniqueIdentifier>{4FC737F1-C7A5-4376-A066-2A32D752A2FF}</UniqueIdentifier>
      <Extensions>cpp;c;cc;cxx;c++;cppm;ixx;def;odl;idl;hpj;bat;asm;asmx</Extensions>
    </Filter>
    <Filter Include="Файлы заголовков">
      <UniqueIdentifier>{93995380-89BD-4b04-88EB-625FBE52EBFB}</UniqueIdentifier>
      <Extensions>h;hh;hpp;hxx;h++;hm;inl;inc;ipp;xsd</Extensions>
    </Filter>
    <Filter Include="Файлы ресурсов">
      <UniqueIdentifier>{67DA6AB6-F800-4c08-8B7A-83BB121AAD01}</UniqueIdentifier>
      <Extensions>rc;ico;cur;bmp;dlg;rc2;rct;bin;rgs;gif;jpg;jpeg;jpe;resx;tiff;tif;png;wav;mfcribbon-ms</Extensions>
    </Filter>
    <Filter Include="Исходные файлы\Папка для пользователей">
      <UniqueIdentifier>{d95cffba-861f-4f89-bb36-f01f4fe65c40}</UniqueIdentifier>
    </Filter>
    <Filter Include="Исходные файлы\Папка для пользователей\Матричный калькулятор">
      <UniqueIdentifier>{38d17469-fe17-4dc6-82be-bbe5052665ff}</UniqueIdentifier>
    </Filter>
    <Filter Include="Исходные файлы\Папка для пользователей\Калькулятор форм комбинаторики">
      <UniqueIdentifier>{a33c6246-a184-4d84-a0b9-98091b023e7b}</UniqueIdentifier>
    </Filter>
    <Filter Include="Исходные файлы\Папка для пользователей\Калькулятор многочленов">
      <UniqueIdentifier>{078bac69-2de5-4fb2-b4ae-020cdac09e0d}</UniqueIdentifier>
    </Filter>
    <Filter Include="Исходные файлы\Папка для пользователей\Теория вероятности и мат. статистика">
      <UniqueIdentifier>{733d4c14-bef2-4847-86ad-64fa7e760355}</UniqueIdentifier>
    </Filter>
    <Filter Include="Исходные файлы\Папка для пользователей\Калькулятор обыкновенных дробей">
      <UniqueIdentifier>{8127af5c-5d78-405b-b4fd-4ffa1c48668b}</UniqueIdentifier>
    </Filter>
    <Filter Include="Исходные файлы\Папка для пользователей\Работа с функциями">
      <UniqueIdentifier>{9b114e8c-2cb2-457a-9510-7994ad1d0b55}</UniqueIdentifier>
    </Filter>
  </ItemGroup>
  <ItemGroup>
    <ClCompile Include="project01.cpp">
      <Filter>Исходные файлы</Filter>
    </ClCompile>
    <ClCompile Include="MatrCalculator.cpp">
      <Filter>Исходные файлы\Папка для пользователей\Матричный калькулятор</Filter>
    </ClCompile>
    <ClCompile Include="iotools.cpp">
      <Filter>Исходные файлы</Filter>
    </ClCompile>
    <ClCompile Include="CombinationCalculator.cpp">
      <Filter>Исходные файлы\Папка для пользователей\Калькулятор форм комбинаторики</Filter>
    </ClCompile>
    <ClCompile Include="PolynimialCalculator.cpp">
      <Filter>Исходные файлы\Папка для пользователей\Калькулятор многочленов</Filter>
    </ClCompile>
    <ClCompile Include="ProbabilityAndStatisticsCalculator.cpp">
      <Filter>Исходные файлы\Папка для пользователей\Теория вероятности и мат. статистика</Filter>
    </ClCompile>
    <ClCompile Include="FractionCalculator.cpp">
      <Filter>Исходные файлы\Папка для пользователей\Калькулятор обыкновенных дробей</Filter>
    </ClCompile>
    <ClCompile Include="FunctionsCalculator.cpp">
      <Filter>Исходные файлы\Папка для пользователей\Работа с функциями</Filter>
    </ClCompile>
    <ClCompile Include="Polynomial.cpp">
      <Filter>Исходные файлы\Папка для пользователей\Калькулятор многочленов</Filter>
    </ClCompile>
    <ClCompile Include="Matrix.cpp">
      <Filter>Исходные файлы\Папка для пользователей\Матричный калькулятор</Filter>
    </ClCompile>
    <ClCompile Include="ArrayTools.cpp">
      <Filter>Исходные файлы\Папка для пользователей\Матричный калькулятор</Filter>
    </ClCompile>
  </ItemGroup>
  <ItemGroup>
    <ClInclude Include="Calculators.h">
      <Filter>Исходные файлы\Папка для пользователей</Filter>
    </ClInclude>
    <ClInclude Include="iotools.h">
      <Filter>Исходные файлы</Filter>
    </ClInclude>
    <ClInclude Include="Polynomial.h">
      <Filter>Исходные файлы\Папка для пользователей\Калькулятор многочленов</Filter>
    </ClInclude>
    <ClInclude Include="Matrix.h">
      <Filter>Исходные файлы\Папка для пользователей\Матричный калькулятор</Filter>
    </ClInclude>
    <ClInclude Include="ArrayTools.h">
      <Filter>Исходные файлы\Папка для пользователей\Матричный калькулятор</Filter>
    </ClInclude>
  </ItemGroup>
  <ItemGroup>
    <None Include="packages.config" />
  </ItemGroup>
</Project>